
Microsoft Visual Studio Solution File, Format Version 12.00
# Visual Studio Version 17
VisualStudioVersion = 17.1.32328.378
MinimumVisualStudioVersion = 10.0.40219.1
Project("{FAE04EC0-301F-11D3-BF4B-00C04F79EFBC}") = "Web_sum-numbers", "Web_sum-numbers\Web_sum-numbers.csproj", "{A76F845E-8EAD-40DC-A7F5-5647A3B80141}"
EndProject
Global
	GlobalSection(SolutionConfigurationPlatforms) = preSolution
		Debug|Any CPU = Debug|Any CPU
		Release|Any CPU = Release|Any CPU
	EndGlobalSection
	GlobalSection(ProjectConfigurationPlatforms) = postSolution
		{A76F845E-8EAD-40DC-A7F5-5647A3B80141}.Debug|Any CPU.ActiveCfg = Debug|Any CPU
		{A76F845E-8EAD-40DC-A7F5-5647A3B80141}.Debug|Any CPU.Build.0 = Debug|Any CPU
		{A76F845E-8EAD-40DC-A7F5-5647A3B80141}.Release|Any CPU.ActiveCfg = Release|Any CPU
		{A76F845E-8EAD-40DC-A7F5-5647A3B80141}.Release|Any CPU.Build.0 = Release|Any CPU
	EndGlobalSection
	GlobalSection(SolutionProperties) = preSolution
		HideSolutionNode = FALSE
	EndGlobalSection
	GlobalSection(ExtensibilityGlobals) = postSolution
		SolutionGuid = {C8E9FB2C-7EC1-4D1E-9BF1-E61C7005EA7F}
	EndGlobalSection
EndGlobal
